// !$*UTF8*$!
{
	archiveVersion = 1;
	classes = {
	};
	objectVersion = 46;
	objects = {

/* Begin PBXBuildFile section */
		133355E61977E3780096451A /* Foundation.framework in Frameworks */ = {isa = PBXBuildFile; fileRef = 133355E51977E3780096451A /* Foundation.framework */; };
		133355E81977E3780096451A /* CoreGraphics.framework in Frameworks */ = {isa = PBXBuildFile; fileRef = 133355E71977E3780096451A /* CoreGraphics.framework */; };
		133355EA1977E3780096451A /* UIKit.framework in Frameworks */ = {isa = PBXBuildFile; fileRef = 133355E91977E3780096451A /* UIKit.framework */; };
		133355F01977E3780096451A /* InfoPlist.strings in Resources */ = {isa = PBXBuildFile; fileRef = 133355EE1977E3780096451A /* InfoPlist.strings */; };
		133355F21977E3780096451A /* main.m in Sources */ = {isa = PBXBuildFile; fileRef = 133355F11977E3780096451A /* main.m */; };
		133355F61977E3780096451A /* AppDelegate.m in Sources */ = {isa = PBXBuildFile; fileRef = 133355F51977E3780096451A /* AppDelegate.m */; };
		133355F91977E3780096451A /* Main.storyboard in Resources */ = {isa = PBXBuildFile; fileRef = 133355F71977E3780096451A /* Main.storyboard */; };
		133355FC1977E3780096451A /* ViewController.m in Sources */ = {isa = PBXBuildFile; fileRef = 133355FB1977E3780096451A /* ViewController.m */; };
		133355FE1977E3780096451A /* Images.xcassets in Resources */ = {isa = PBXBuildFile; fileRef = 133355FD1977E3780096451A /* Images.xcassets */; };
		133356051977E3780096451A /* XCTest.framework in Frameworks */ = {isa = PBXBuildFile; fileRef = 133356041977E3780096451A /* XCTest.framework */; };
		133356061977E3780096451A /* Foundation.framework in Frameworks */ = {isa = PBXBuildFile; fileRef = 133355E51977E3780096451A /* Foundation.framework */; };
		133356071977E3780096451A /* UIKit.framework in Frameworks */ = {isa = PBXBuildFile; fileRef = 133355E91977E3780096451A /* UIKit.framework */; };
		1333560F1977E3780096451A /* InfoPlist.strings in Resources */ = {isa = PBXBuildFile; fileRef = 1333560D1977E3780096451A /* InfoPlist.strings */; };
		133356111977E3780096451A /* SpotsTests.m in Sources */ = {isa = PBXBuildFile; fileRef = 133356101977E3780096451A /* SpotsTests.m */; };
		8278AC4D197900D300E0279C /* bg320x480.png in Resources */ = {isa = PBXBuildFile; fileRef = 8278AC4C197900D300E0279C /* bg320x480.png */; };
		8278AC4F197900DD00E0279C /* bg640x960.png in Resources */ = {isa = PBXBuildFile; fileRef = 8278AC4E197900DD00E0279C /* bg640x960.png */; };
		8278AC52197900EC00E0279C /* splashhscreen320x640.png in Resources */ = {isa = PBXBuildFile; fileRef = 8278AC50197900EC00E0279C /* splashhscreen320x640.png */; };
		8278AC53197900EC00E0279C /* splashhscreen640x960.png in Resources */ = {isa = PBXBuildFile; fileRef = 8278AC51197900EC00E0279C /* splashhscreen640x960.png */; };
		8278AC56197901A900E0279C /* UIColor+CreateMethods.m in Sources */ = {isa = PBXBuildFile; fileRef = 8278AC55197901A900E0279C /* UIColor+CreateMethods.m */; };
		8278AC58197909B600E0279C /* logo@2x-1.png in Resources */ = {isa = PBXBuildFile; fileRef = 8278AC57197909B600E0279C /* logo@2x-1.png */; };
		82CCDC141977E51200EC8279 /* RegisterViewController.m in Sources */ = {isa = PBXBuildFile; fileRef = 82CCDC131977E51200EC8279 /* RegisterViewController.m */; };
		82CCDC161977F77200EC8279 /* Parse.framework in Frameworks */ = {isa = PBXBuildFile; fileRef = 82CCDC151977F77200EC8279 /* Parse.framework */; };
		82CCDC1819780A8A00EC8279 /* AudioToolbox.framework in Frameworks */ = {isa = PBXBuildFile; fileRef = 82CCDC1719780A8A00EC8279 /* AudioToolbox.framework */; };
		82CCDC1A19780A9200EC8279 /* CFNetwork.framework in Frameworks */ = {isa = PBXBuildFile; fileRef = 82CCDC1919780A9200EC8279 /* CFNetwork.framework */; };
		82CCDC1C19780ACA00EC8279 /* CoreLocation.framework in Frameworks */ = {isa = PBXBuildFile; fileRef = 82CCDC1B19780ACA00EC8279 /* CoreLocation.framework */; };
		82CCDC1E19780ADE00EC8279 /* libz.dylib in Frameworks */ = {isa = PBXBuildFile; fileRef = 82CCDC1D19780ADE00EC8279 /* libz.dylib */; };
		82CCDC2019780AE700EC8279 /* MobileCoreServices.framework in Frameworks */ = {isa = PBXBuildFile; fileRef = 82CCDC1F19780AE700EC8279 /* MobileCoreServices.framework */; };
		82CCDC2219780AF600EC8279 /* QuartzCore.framework in Frameworks */ = {isa = PBXBuildFile; fileRef = 82CCDC2119780AF600EC8279 /* QuartzCore.framework */; };
		82CCDC2419780AFD00EC8279 /* Security.framework in Frameworks */ = {isa = PBXBuildFile; fileRef = 82CCDC2319780AFD00EC8279 /* Security.framework */; };
		82CCDC2619780B0900EC8279 /* StoreKit.framework in Frameworks */ = {isa = PBXBuildFile; fileRef = 82CCDC2519780B0900EC8279 /* StoreKit.framework */; };
		82CCDC2819780B1B00EC8279 /* SystemConfiguration.framework in Frameworks */ = {isa = PBXBuildFile; fileRef = 82CCDC2719780B1B00EC8279 /* SystemConfiguration.framework */; };
/* End PBXBuildFile section */

/* Begin PBXContainerItemProxy section */
		133356081977E3780096451A /* PBXContainerItemProxy */ = {
			isa = PBXContainerItemProxy;
			containerPortal = 133355DA1977E3780096451A /* Project object */;
			proxyType = 1;
			remoteGlobalIDString = 133355E11977E3780096451A;
			remoteInfo = Spots;
		};
/* End PBXContainerItemProxy section */

/* Begin PBXFileReference section */
		133355E21977E3780096451A /* Spots.app */ = {isa = PBXFileReference; explicitFileType = wrapper.application; includeInIndex = 0; path = Spots.app; sourceTree = BUILT_PRODUCTS_DIR; };
		133355E51977E3780096451A /* Foundation.framework */ = {isa = PBXFileReference; lastKnownFileType = wrapper.framework; name = Foundation.framework; path = System/Library/Frameworks/Foundation.framework; sourceTree = SDKROOT; };
		133355E71977E3780096451A /* CoreGraphics.framework */ = {isa = PBXFileReference; lastKnownFileType = wrapper.framework; name = CoreGraphics.framework; path = System/Library/Frameworks/CoreGraphics.framework; sourceTree = SDKROOT; };
		133355E91977E3780096451A /* UIKit.framework */ = {isa = PBXFileReference; lastKnownFileType = wrapper.framework; name = UIKit.framework; path = System/Library/Frameworks/UIKit.framework; sourceTree = SDKROOT; };
		133355ED1977E3780096451A /* Spots-Info.plist */ = {isa = PBXFileReference; lastKnownFileType = text.plist.xml; path = "Spots-Info.plist"; sourceTree = "<group>"; };
		133355EF1977E3780096451A /* en */ = {isa = PBXFileReference; lastKnownFileType = text.plist.strings; name = en; path = en.lproj/InfoPlist.strings; sourceTree = "<group>"; };
		133355F11977E3780096451A /* main.m */ = {isa = PBXFileReference; lastKnownFileType = sourcecode.c.objc; path = main.m; sourceTree = "<group>"; };
		133355F31977E3780096451A /* Spots-Prefix.pch */ = {isa = PBXFileReference; lastKnownFileType = sourcecode.c.h; path = "Spots-Prefix.pch"; sourceTree = "<group>"; };
		133355F41977E3780096451A /* AppDelegate.h */ = {isa = PBXFileReference; lastKnownFileType = sourcecode.c.h; path = AppDelegate.h; sourceTree = "<group>"; };
		133355F51977E3780096451A /* AppDelegate.m */ = {isa = PBXFileReference; lastKnownFileType = sourcecode.c.objc; path = AppDelegate.m; sourceTree = "<group>"; };
		133355F81977E3780096451A /* Base */ = {isa = PBXFileReference; lastKnownFileType = file.storyboard; name = Base; path = Base.lproj/Main.storyboard; sourceTree = "<group>"; };
		133355FA1977E3780096451A /* ViewController.h */ = {isa = PBXFileReference; lastKnownFileType = sourcecode.c.h; path = ViewController.h; sourceTree = "<group>"; };
		133355FB1977E3780096451A /* ViewController.m */ = {isa = PBXFileReference; lastKnownFileType = sourcecode.c.objc; path = ViewController.m; sourceTree = "<group>"; };
		133355FD1977E3780096451A /* Images.xcassets */ = {isa = PBXFileReference; lastKnownFileType = folder.assetcatalog; path = Images.xcassets; sourceTree = "<group>"; };
		133356031977E3780096451A /* SpotsTests.xctest */ = {isa = PBXFileReference; explicitFileType = wrapper.cfbundle; includeInIndex = 0; path = SpotsTests.xctest; sourceTree = BUILT_PRODUCTS_DIR; };
		133356041977E3780096451A /* XCTest.framework */ = {isa = PBXFileReference; lastKnownFileType = wrapper.framework; name = XCTest.framework; path = Library/Frameworks/XCTest.framework; sourceTree = DEVELOPER_DIR; };
		1333560C1977E3780096451A /* SpotsTests-Info.plist */ = {isa = PBXFileReference; lastKnownFileType = text.plist.xml; path = "SpotsTests-Info.plist"; sourceTree = "<group>"; };
		1333560E1977E3780096451A /* en */ = {isa = PBXFileReference; lastKnownFileType = text.plist.strings; name = en; path = en.lproj/InfoPlist.strings; sourceTree = "<group>"; };
		133356101977E3780096451A /* SpotsTests.m */ = {isa = PBXFileReference; lastKnownFileType = sourcecode.c.objc; path = SpotsTests.m; sourceTree = "<group>"; };
		8278AC4C197900D300E0279C /* bg320x480.png */ = {isa = PBXFileReference; lastKnownFileType = image.png; path = bg320x480.png; sourceTree = "<group>"; };
		8278AC4E197900DD00E0279C /* bg640x960.png */ = {isa = PBXFileReference; lastKnownFileType = image.png; path = bg640x960.png; sourceTree = "<group>"; };
		8278AC50197900EC00E0279C /* splashhscreen320x640.png */ = {isa = PBXFileReference; lastKnownFileType = image.png; path = splashhscreen320x640.png; sourceTree = "<group>"; };
		8278AC51197900EC00E0279C /* splashhscreen640x960.png */ = {isa = PBXFileReference; lastKnownFileType = image.png; path = splashhscreen640x960.png; sourceTree = "<group>"; };
		8278AC54197901A900E0279C /* UIColor+CreateMethods.h */ = {isa = PBXFileReference; fileEncoding = 4; lastKnownFileType = sourcecode.c.h; path = "UIColor+CreateMethods.h"; sourceTree = "<group>"; };
		8278AC55197901A900E0279C /* UIColor+CreateMethods.m */ = {isa = PBXFileReference; fileEncoding = 4; lastKnownFileType = sourcecode.c.objc; path = "UIColor+CreateMethods.m"; sourceTree = "<group>"; };
		8278AC57197909B600E0279C /* logo@2x-1.png */ = {isa = PBXFileReference; lastKnownFileType = image.png; path = "logo@2x-1.png"; sourceTree = "<group>"; };
		82CCDC121977E51200EC8279 /* RegisterViewController.h */ = {isa = PBXFileReference; fileEncoding = 4; lastKnownFileType = sourcecode.c.h; path = RegisterViewController.h; sourceTree = "<group>"; };
		82CCDC131977E51200EC8279 /* RegisterViewController.m */ = {isa = PBXFileReference; fileEncoding = 4; lastKnownFileType = sourcecode.c.objc; path = RegisterViewController.m; sourceTree = "<group>"; };
		82CCDC151977F77200EC8279 /* Parse.framework */ = {isa = PBXFileReference; lastKnownFileType = wrapper.framework; path = Parse.framework; sourceTree = "<group>"; };
		82CCDC1719780A8A00EC8279 /* AudioToolbox.framework */ = {isa = PBXFileReference; lastKnownFileType = wrapper.framework; name = AudioToolbox.framework; path = System/Library/Frameworks/AudioToolbox.framework; sourceTree = SDKROOT; };
		82CCDC1919780A9200EC8279 /* CFNetwork.framework */ = {isa = PBXFileReference; lastKnownFileType = wrapper.framework; name = CFNetwork.framework; path = System/Library/Frameworks/CFNetwork.framework; sourceTree = SDKROOT; };
		82CCDC1B19780ACA00EC8279 /* CoreLocation.framework */ = {isa = PBXFileReference; lastKnownFileType = wrapper.framework; name = CoreLocation.framework; path = System/Library/Frameworks/CoreLocation.framework; sourceTree = SDKROOT; };
		82CCDC1D19780ADE00EC8279 /* libz.dylib */ = {isa = PBXFileReference; lastKnownFileType = "compiled.mach-o.dylib"; name = libz.dylib; path = usr/lib/libz.dylib; sourceTree = SDKROOT; };
		82CCDC1F19780AE700EC8279 /* MobileCoreServices.framework */ = {isa = PBXFileReference; lastKnownFileType = wrapper.framework; name = MobileCoreServices.framework; path = System/Library/Frameworks/MobileCoreServices.framework; sourceTree = SDKROOT; };
		82CCDC2119780AF600EC8279 /* QuartzCore.framework */ = {isa = PBXFileReference; lastKnownFileType = wrapper.framework; name = QuartzCore.framework; path = System/Library/Frameworks/QuartzCore.framework; sourceTree = SDKROOT; };
		82CCDC2319780AFD00EC8279 /* Security.framework */ = {isa = PBXFileReference; lastKnownFileType = wrapper.framework; name = Security.framework; path = System/Library/Frameworks/Security.framework; sourceTree = SDKROOT; };
		82CCDC2519780B0900EC8279 /* StoreKit.framework */ = {isa = PBXFileReference; lastKnownFileType = wrapper.framework; name = StoreKit.framework; path = System/Library/Frameworks/StoreKit.framework; sourceTree = SDKROOT; };
		82CCDC2719780B1B00EC8279 /* SystemConfiguration.framework */ = {isa = PBXFileReference; lastKnownFileType = wrapper.framework; name = SystemConfiguration.framework; path = System/Library/Frameworks/SystemConfiguration.framework; sourceTree = SDKROOT; };
/* End PBXFileReference section */

/* Begin PBXFrameworksBuildPhase section */
		133355DF1977E3780096451A /* Frameworks */ = {
			isa = PBXFrameworksBuildPhase;
			buildActionMask = 2147483647;
			files = (
				82CCDC2819780B1B00EC8279 /* SystemConfiguration.framework in Frameworks */,
				82CCDC2619780B0900EC8279 /* StoreKit.framework in Frameworks */,
				82CCDC2419780AFD00EC8279 /* Security.framework in Frameworks */,
				82CCDC2219780AF600EC8279 /* QuartzCore.framework in Frameworks */,
				82CCDC2019780AE700EC8279 /* MobileCoreServices.framework in Frameworks */,
				82CCDC1E19780ADE00EC8279 /* libz.dylib in Frameworks */,
				82CCDC1C19780ACA00EC8279 /* CoreLocation.framework in Frameworks */,
				82CCDC1A19780A9200EC8279 /* CFNetwork.framework in Frameworks */,
				82CCDC1819780A8A00EC8279 /* AudioToolbox.framework in Frameworks */,
				133355E81977E3780096451A /* CoreGraphics.framework in Frameworks */,
				133355EA1977E3780096451A /* UIKit.framework in Frameworks */,
				82CCDC161977F77200EC8279 /* Parse.framework in Frameworks */,
				133355E61977E3780096451A /* Foundation.framework in Frameworks */,
			);
			runOnlyForDeploymentPostprocessing = 0;
		};
		133356001977E3780096451A /* Frameworks */ = {
			isa = PBXFrameworksBuildPhase;
			buildActionMask = 2147483647;
			files = (
				133356051977E3780096451A /* XCTest.framework in Frameworks */,
				133356071977E3780096451A /* UIKit.framework in Frameworks */,
				133356061977E3780096451A /* Foundation.framework in Frameworks */,
			);
			runOnlyForDeploymentPostprocessing = 0;
		};
/* End PBXFrameworksBuildPhase section */

/* Begin PBXGroup section */
		133355D91977E3780096451A = {
			isa = PBXGroup;
			children = (
				133355EB1977E3780096451A /* Spots */,
				1333560A1977E3780096451A /* SpotsTests */,
				133355E41977E3780096451A /* Frameworks */,
				133355E31977E3780096451A /* Products */,
			);
			sourceTree = "<group>";
		};
		133355E31977E3780096451A /* Products */ = {
			isa = PBXGroup;
			children = (
				133355E21977E3780096451A /* Spots.app */,
				133356031977E3780096451A /* SpotsTests.xctest */,
			);
			name = Products;
			sourceTree = "<group>";
		};
		133355E41977E3780096451A /* Frameworks */ = {
			isa = PBXGroup;
			children = (
				82CCDC2719780B1B00EC8279 /* SystemConfiguration.framework */,
				82CCDC2519780B0900EC8279 /* StoreKit.framework */,
				82CCDC2319780AFD00EC8279 /* Security.framework */,
				82CCDC2119780AF600EC8279 /* QuartzCore.framework */,
				82CCDC1F19780AE700EC8279 /* MobileCoreServices.framework */,
				82CCDC1D19780ADE00EC8279 /* libz.dylib */,
				82CCDC1B19780ACA00EC8279 /* CoreLocation.framework */,
				82CCDC1919780A9200EC8279 /* CFNetwork.framework */,
				82CCDC1719780A8A00EC8279 /* AudioToolbox.framework */,
				82CCDC151977F77200EC8279 /* Parse.framework */,
				133355E51977E3780096451A /* Foundation.framework */,
				133355E71977E3780096451A /* CoreGraphics.framework */,
				133355E91977E3780096451A /* UIKit.framework */,
				133356041977E3780096451A /* XCTest.framework */,
			);
			name = Frameworks;
			sourceTree = "<group>";
		};
		133355EB1977E3780096451A /* Spots */ = {
			isa = PBXGroup;
			children = (
				133355F41977E3780096451A /* AppDelegate.h */,
				133355F51977E3780096451A /* AppDelegate.m */,
				133355F71977E3780096451A /* Main.storyboard */,
				133355FA1977E3780096451A /* ViewController.h */,
				133355FB1977E3780096451A /* ViewController.m */,
				82CCDC121977E51200EC8279 /* RegisterViewController.h */,
				82CCDC131977E51200EC8279 /* RegisterViewController.m */,
				133355FD1977E3780096451A /* Images.xcassets */,
				133355EC1977E3780096451A /* Supporting Files */,
			);
			path = Spots;
			sourceTree = "<group>";
		};
		133355EC1977E3780096451A /* Supporting Files */ = {
			isa = PBXGroup;
			children = (
				8278AC54197901A900E0279C /* UIColor+CreateMethods.h */,
				8278AC55197901A900E0279C /* UIColor+CreateMethods.m */,
				8278AC4A197900A800E0279C /* images */,
				133355ED1977E3780096451A /* Spots-Info.plist */,
				133355EE1977E3780096451A /* InfoPlist.strings */,
				133355F11977E3780096451A /* main.m */,
				133355F31977E3780096451A /* Spots-Prefix.pch */,
			);
			name = "Supporting Files";
			sourceTree = "<group>";
		};
		1333560A1977E3780096451A /* SpotsTests */ = {
			isa = PBXGroup;
			children = (
				133356101977E3780096451A /* SpotsTests.m */,
				1333560B1977E3780096451A /* Supporting Files */,
			);
			path = SpotsTests;
			sourceTree = "<group>";
		};
		1333560B1977E3780096451A /* Supporting Files */ = {
			isa = PBXGroup;
			children = (
				1333560C1977E3780096451A /* SpotsTests-Info.plist */,
				1333560D1977E3780096451A /* InfoPlist.strings */,
			);
			name = "Supporting Files";
			sourceTree = "<group>";
		};
		8278AC4A197900A800E0279C /* images */ = {
			isa = PBXGroup;
			children = (
				8278AC50197900EC00E0279C /* splashhscreen320x640.png */,
				8278AC51197900EC00E0279C /* splashhscreen640x960.png */,
				8278AC4B197900B300E0279C /* Login */,
			);
			name = images;
			sourceTree = "<group>";
		};
		8278AC4B197900B300E0279C /* Login */ = {
			isa = PBXGroup;
			children = (
				8278AC57197909B600E0279C /* logo@2x-1.png */,
				8278AC4E197900DD00E0279C /* bg640x960.png */,
				8278AC4C197900D300E0279C /* bg320x480.png */,
			);
			name = Login;
			sourceTree = "<group>";
		};
/* End PBXGroup section */

/* Begin PBXNativeTarget section */
		133355E11977E3780096451A /* Spots */ = {
			isa = PBXNativeTarget;
			buildConfigurationList = 133356141977E3780096451A /* Build configuration list for PBXNativeTarget "Spots" */;
			buildPhases = (
				133355DE1977E3780096451A /* Sources */,
				133355DF1977E3780096451A /* Frameworks */,
				133355E01977E3780096451A /* Resources */,
			);
			buildRules = (
			);
			dependencies = (
			);
			name = Spots;
			productName = Spots;
			productReference = 133355E21977E3780096451A /* Spots.app */;
			productType = "com.apple.product-type.application";
		};
		133356021977E3780096451A /* SpotsTests */ = {
			isa = PBXNativeTarget;
			buildConfigurationList = 133356171977E3780096451A /* Build configuration list for PBXNativeTarget "SpotsTests" */;
			buildPhases = (
				133355FF1977E3780096451A /* Sources */,
				133356001977E3780096451A /* Frameworks */,
				133356011977E3780096451A /* Resources */,
			);
			buildRules = (
			);
			dependencies = (
				133356091977E3780096451A /* PBXTargetDependency */,
			);
			name = SpotsTests;
			productName = SpotsTests;
			productReference = 133356031977E3780096451A /* SpotsTests.xctest */;
			productType = "com.apple.product-type.bundle.unit-test";
		};
/* End PBXNativeTarget section */

/* Begin PBXProject section */
		133355DA1977E3780096451A /* Project object */ = {
			isa = PBXProject;
			attributes = {
				LastUpgradeCheck = 0510;
				ORGANIZATIONNAME = "Thiruvengadam Krishnasamy";
				TargetAttributes = {
					133356021977E3780096451A = {
						TestTargetID = 133355E11977E3780096451A;
					};
				};
			};
			buildConfigurationList = 133355DD1977E3780096451A /* Build configuration list for PBXProject "Spots" */;
			compatibilityVersion = "Xcode 3.2";
			developmentRegion = English;
			hasScannedForEncodings = 0;
			knownRegions = (
				en,
				Base,
			);
			mainGroup = 133355D91977E3780096451A;
			productRefGroup = 133355E31977E3780096451A /* Products */;
			projectDirPath = "";
			projectRoot = "";
			targets = (
				133355E11977E3780096451A /* Spots */,
				133356021977E3780096451A /* SpotsTests */,
			);
		};
/* End PBXProject section */

/* Begin PBXResourcesBuildPhase section */
		133355E01977E3780096451A /* Resources */ = {
			isa = PBXResourcesBuildPhase;
			buildActionMask = 2147483647;
			files = (
				8278AC53197900EC00E0279C /* splashhscreen640x960.png in Resources */,
				8278AC58197909B600E0279C /* logo@2x-1.png in Resources */,
				133355FE1977E3780096451A /* Images.xcassets in Resources */,
				8278AC52197900EC00E0279C /* splashhscreen320x640.png in Resources */,
				133355F01977E3780096451A /* InfoPlist.strings in Resources */,
				8278AC4D197900D300E0279C /* bg320x480.png in Resources */,
				8278AC4F197900DD00E0279C /* bg640x960.png in Resources */,
				133355F91977E3780096451A /* Main.storyboard in Resources */,
			);
			runOnlyForDeploymentPostprocessing = 0;
		};
		133356011977E3780096451A /* Resources */ = {
			isa = PBXResourcesBuildPhase;
			buildActionMask = 2147483647;
			files = (
				1333560F1977E3780096451A /* InfoPlist.strings in Resources */,
			);
			runOnlyForDeploymentPostprocessing = 0;
		};
/* End PBXResourcesBuildPhase section */

/* Begin PBXSourcesBuildPhase section */
		133355DE1977E3780096451A /* Sources */ = {
			isa = PBXSourcesBuildPhase;
			buildActionMask = 2147483647;
			files = (
				133355FC1977E3780096451A /* ViewController.m in Sources */,
				133355F61977E3780096451A /* AppDelegate.m in Sources */,
				133355F21977E3780096451A /* main.m in Sources */,
				82CCDC141977E51200EC8279 /* RegisterViewController.m in Sources */,
				8278AC56197901A900E0279C /* UIColor+CreateMethods.m in Sources */,
			);
			runOnlyForDeploymentPostprocessing = 0;
		};
		133355FF1977E3780096451A /* Sources */ = {
			isa = PBXSourcesBuildPhase;
			buildActionMask = 2147483647;
			files = (
				133356111977E3780096451A /* SpotsTests.m in Sources */,
			);
			runOnlyForDeploymentPostprocessing = 0;
		};
/* End PBXSourcesBuildPhase section */

/* Begin PBXTargetDependency section */
		133356091977E3780096451A /* PBXTargetDependency */ = {
			isa = PBXTargetDependency;
			target = 133355E11977E3780096451A /* Spots */;
			targetProxy = 133356081977E3780096451A /* PBXContainerItemProxy */;
		};
/* End PBXTargetDependency section */

/* Begin PBXVariantGroup section */
		133355EE1977E3780096451A /* InfoPlist.strings */ = {
			isa = PBXVariantGroup;
			children = (
				133355EF1977E3780096451A /* en */,
			);
			name = InfoPlist.strings;
			sourceTree = "<group>";
		};
		133355F71977E3780096451A /* Main.storyboard */ = {
			isa = PBXVariantGroup;
			children = (
				133355F81977E3780096451A /* Base */,
			);
			name = Main.storyboard;
			sourceTree = "<group>";
		};
		1333560D1977E3780096451A /* InfoPlist.strings */ = {
			isa = PBXVariantGroup;
			children = (
				1333560E1977E3780096451A /* en */,
			);
			name = InfoPlist.strings;
			sourceTree = "<group>";
		};
/* End PBXVariantGroup section */

/* Begin XCBuildConfiguration section */
		133356121977E3780096451A /* Debug */ = {
			isa = XCBuildConfiguration;
			buildSettings = {
				ALWAYS_SEARCH_USER_PATHS = NO;
				CLANG_CXX_LANGUAGE_STANDARD = "gnu++0x";
				CLANG_CXX_LIBRARY = "libc++";
				CLANG_ENABLE_MODULES = YES;
				CLANG_ENABLE_OBJC_ARC = YES;
				CLANG_WARN_BOOL_CONVERSION = YES;
				CLANG_WARN_CONSTANT_CONVERSION = YES;
				CLANG_WARN_DIRECT_OBJC_ISA_USAGE = YES_ERROR;
				CLANG_WARN_EMPTY_BODY = YES;
				CLANG_WARN_ENUM_CONVERSION = YES;
				CLANG_WARN_INT_CONVERSION = YES;
				CLANG_WARN_OBJC_ROOT_CLASS = YES_ERROR;
				CLANG_WARN__DUPLICATE_METHOD_MATCH = YES;
				"CODE_SIGN_IDENTITY[sdk=iphoneos*]" = "iPhone Developer";
				COPY_PHASE_STRIP = NO;
				GCC_C_LANGUAGE_STANDARD = gnu99;
				GCC_DYNAMIC_NO_PIC = NO;
				GCC_OPTIMIZATION_LEVEL = 0;
				GCC_PREPROCESSOR_DEFINITIONS = (
					"DEBUG=1",
					"$(inherited)",
				);
				GCC_SYMBOLS_PRIVATE_EXTERN = NO;
				GCC_WARN_64_TO_32_BIT_CONVERSION = YES;
				GCC_WARN_ABOUT_RETURN_TYPE = YES_ERROR;
				GCC_WARN_UNDECLARED_SELECTOR = YES;
				GCC_WARN_UNINITIALIZED_AUTOS = YES_AGGRESSIVE;
				GCC_WARN_UNUSED_FUNCTION = YES;
				GCC_WARN_UNUSED_VARIABLE = YES;
				IPHONEOS_DEPLOYMENT_TARGET = 7.1;
				ONLY_ACTIVE_ARCH = YES;
				SDKROOT = iphoneos;
			};
			name = Debug;
		};
		133356131977E3780096451A /* Release */ = {
			isa = XCBuildConfiguration;
			buildSettings = {
				ALWAYS_SEARCH_USER_PATHS = NO;
				CLANG_CXX_LANGUAGE_STANDARD = "gnu++0x";
				CLANG_CXX_LIBRARY = "libc++";
				CLANG_ENABLE_MODULES = YES;
				CLANG_ENABLE_OBJC_ARC = YES;
				CLANG_WARN_BOOL_CONVERSION = YES;
				CLANG_WARN_CONSTANT_CONVERSION = YES;
				CLANG_WARN_DIRECT_OBJC_ISA_USAGE = YES_ERROR;
				CLANG_WARN_EMPTY_BODY = YES;
				CLANG_WARN_ENUM_CONVERSION = YES;
				CLANG_WARN_INT_CONVERSION = YES;
				CLANG_WARN_OBJC_ROOT_CLASS = YES_ERROR;
				CLANG_WARN__DUPLICATE_METHOD_MATCH = YES;
				"CODE_SIGN_IDENTITY[sdk=iphoneos*]" = "iPhone Developer";
				COPY_PHASE_STRIP = YES;
				ENABLE_NS_ASSERTIONS = NO;
				GCC_C_LANGUAGE_STANDARD = gnu99;
				GCC_WARN_64_TO_32_BIT_CONVERSION = YES;
				GCC_WARN_ABOUT_RETURN_TYPE = YES_ERROR;
				GCC_WARN_UNDECLARED_SELECTOR = YES;
				GCC_WARN_UNINITIALIZED_AUTOS = YES_AGGRESSIVE;
				GCC_WARN_UNUSED_FUNCTION = YES;
				GCC_WARN_UNUSED_VARIABLE = YES;
				IPHONEOS_DEPLOYMENT_TARGET = 7.1;
				SDKROOT = iphoneos;
				VALIDATE_PRODUCT = YES;
			};
			name = Release;
		};
		133356151977E3780096451A /* Debug */ = {
			isa = XCBuildConfiguration;
			buildSettings = {
				ASSETCATALOG_COMPILER_APPICON_NAME = AppIcon;
				ASSETCATALOG_COMPILER_LAUNCHIMAGE_NAME = LaunchImage;
				FRAMEWORK_SEARCH_PATHS = (
					"$(inherited)",
					"$(PROJECT_DIR)",
				);
				GCC_PRECOMPILE_PREFIX_HEADER = YES;
				GCC_PREFIX_HEADER = "Spots/Spots-Prefix.pch";
				INFOPLIST_FILE = "Spots/Spots-Info.plist";
				IPHONEOS_DEPLOYMENT_TARGET = 7.1;
				PRODUCT_NAME = "$(TARGET_NAME)";
				WRAPPER_EXTENSION = app;
			};
			name = Debug;
		};
		133356161977E3780096451A /* Release */ = {
			isa = XCBuildConfiguration;
			buildSettings = {
				ASSETCATALOG_COMPILER_APPICON_NAME = AppIcon;
				ASSETCATALOG_COMPILER_LAUNCHIMAGE_NAME = LaunchImage;
				FRAMEWORK_SEARCH_PATHS = (
					"$(inherited)",
					"$(PROJECT_DIR)",
				);
				GCC_PRECOMPILE_PREFIX_HEADER = YES;
				GCC_PREFIX_HEADER = "Spots/Spots-Prefix.pch";
				INFOPLIST_FILE = "Spots/Spots-Info.plist";
				IPHONEOS_DEPLOYMENT_TARGET = 7.1;
				PRODUCT_NAME = "$(TARGET_NAME)";
				WRAPPER_EXTENSION = app;
			};
			name = Release;
		};
		133356181977E3780096451A /* Debug */ = {
			isa = XCBuildConfiguration;
			buildSettings = {
				BUNDLE_LOADER = "$(BUILT_PRODUCTS_DIR)/Spots.app/Spots";
				FRAMEWORK_SEARCH_PATHS = (
					"$(SDKROOT)/Developer/Library/Frameworks",
					"$(inherited)",
					"$(DEVELOPER_FRAMEWORKS_DIR)",
				);
				GCC_PRECOMPILE_PREFIX_HEADER = YES;
				GCC_PREFIX_HEADER = "Spots/Spots-Prefix.pch";
				GCC_PREPROCESSOR_DEFINITIONS = (
					"DEBUG=1",
					"$(inherited)",
				);
				INFOPLIST_FILE = "SpotsTests/SpotsTests-Info.plist";
				PRODUCT_NAME = "$(TARGET_NAME)";
				TEST_HOST = "$(BUNDLE_LOADER)";
				WRAPPER_EXTENSION = xctest;
			};
			name = Debug;
		};
		133356191977E3780096451A /* Release */ = {
			isa = XCBuildConfiguration;
			buildSettings = {
				BUNDLE_LOADER = "$(BUILT_PRODUCTS_DIR)/Spots.app/Spots";
				FRAMEWORK_SEARCH_PATHS = (
					"$(SDKROOT)/Developer/Library/Frameworks",
					"$(inherited)",
					"$(DEVELOPER_FRAMEWORKS_DIR)",
				);
				GCC_PRECOMPILE_PREFIX_HEADER = YES;
				GCC_PREFIX_HEADER = "Spots/Spots-Prefix.pch";
				INFOPLIST_FILE = "SpotsTests/SpotsTests-Info.plist";
				PRODUCT_NAME = "$(TARGET_NAME)";
				TEST_HOST = "$(BUNDLE_LOADER)";
				WRAPPER_EXTENSION = xctest;
			};
			name = Release;
		};
/* End XCBuildConfiguration section */

/* Begin XCConfigurationList section */
		133355DD1977E3780096451A /* Build configuration list for PBXProject "Spots" */ = {
			isa = XCConfigurationList;
			buildConfigurations = (
				133356121977E3780096451A /* Debug */,
				133356131977E3780096451A /* Release */,
			);
			defaultConfigurationIsVisible = 0;
			defaultConfigurationName = Release;
		};
		133356141977E3780096451A /* Build configuration list for PBXNativeTarget "Spots" */ = {
			isa = XCConfigurationList;
			buildConfigurations = (
				133356151977E3780096451A /* Debug */,
				133356161977E3780096451A /* Release */,
			);
			defaultConfigurationIsVisible = 0;
			defaultConfigurationName = Release;
		};
		133356171977E3780096451A /* Build configuration list for PBXNativeTarget "SpotsTests" */ = {
			isa = XCConfigurationList;
			buildConfigurations = (
				133356181977E3780096451A /* Debug */,
				133356191977E3780096451A /* Release */,
			);
			defaultConfigurationIsVisible = 0;
			defaultConfigurationName = Release;
		};
/* End XCConfigurationList section */
	};
	rootObject = 133355DA1977E3780096451A /* Project object */;
}
